
Microsoft Visual Studio Solution File, Format Version 12.00
# Visual Studio Version 16
VisualStudioVersion = 16.0.29613.14
MinimumVisualStudioVersion = 10.0.40219.1
Project("{FAE04EC0-301F-11D3-BF4B-00C04F79EFBC}") = "User", "User\User.csproj", "{96981D1F-553C-4D29-8D8F-51837C2C5F4E}"
EndProject
Global
	GlobalSection(SolutionConfigurationPlatforms) = preSolution
		Debug|Any CPU = Debug|Any CPU
		Release|Any CPU = Release|Any CPU
	EndGlobalSection
	GlobalSection(ProjectConfigurationPlatforms) = postSolution
		{96981D1F-553C-4D29-8D8F-51837C2C5F4E}.Debug|Any CPU.ActiveCfg = Debug|Any CPU
		{96981D1F-553C-4D29-8D8F-51837C2C5F4E}.Debug|Any CPU.Build.0 = Debug|Any CPU
		{96981D1F-553C-4D29-8D8F-51837C2C5F4E}.Release|Any CPU.ActiveCfg = Release|Any CPU
		{96981D1F-553C-4D29-8D8F-51837C2C5F4E}.Release|Any CPU.Build.0 = Release|Any CPU
	EndGlobalSection
	GlobalSection(SolutionProperties) = preSolution
		HideSolutionNode = FALSE
	EndGlobalSection
	GlobalSection(ExtensibilityGlobals) = postSolution
		SolutionGuid = {99FDF8CC-F439-4E17-B9B8-EB87F4A8D795}
	EndGlobalSection
EndGlobal
